// !$*UTF8*$!
{
	archiveVersion = 1;
	classes = {
	};
	objectVersion = 46;
	objects = {

/* Begin PBXBuildFile section */
		9F1CFCB51B86031100551234 /* NFAlarmEditViewController.m in Sources */ = {isa = PBXBuildFile; fileRef = 9F1CFCB41B86031100551234 /* NFAlarmEditViewController.m */; };
		9F1CFCBE1B864FBA00551234 /* NFWeekDaySelectViewController.m in Sources */ = {isa = PBXBuildFile; fileRef = 9F1CFCBD1B864FBA00551234 /* NFWeekDaySelectViewController.m */; };
		9F4C771C1B83A40C005AA264 /* NFAlarmCell.m in Sources */ = {isa = PBXBuildFile; fileRef = 9F4C771B1B83A40C005AA264 /* NFAlarmCell.m */; };
		9F958F9F1B82472300F61EBB /* main.m in Sources */ = {isa = PBXBuildFile; fileRef = 9F958F9E1B82472300F61EBB /* main.m */; };
		9F958FA21B82472300F61EBB /* AppDelegate.m in Sources */ = {isa = PBXBuildFile; fileRef = 9F958FA11B82472300F61EBB /* AppDelegate.m */; };
		9F958FAA1B82472300F61EBB /* Images.xcassets in Resources */ = {isa = PBXBuildFile; fileRef = 9F958FA91B82472300F61EBB /* Images.xcassets */; };
		9F958FB91B82472300F61EBB /* NFAlarmLibTests.m in Sources */ = {isa = PBXBuildFile; fileRef = 9F958FB81B82472300F61EBB /* NFAlarmLibTests.m */; };
		9F958FC51B82477900F61EBB /* NFAlarmViewController.m in Sources */ = {isa = PBXBuildFile; fileRef = 9F958FC41B82477900F61EBB /* NFAlarmViewController.m */; };
		9F958FC81B83401100F61EBB /* NFAlarm.m in Sources */ = {isa = PBXBuildFile; fileRef = 9F958FC71B83401100F61EBB /* NFAlarm.m */; };
		9F958FC91B83401100F61EBB /* NFAlarm.m in Sources */ = {isa = PBXBuildFile; fileRef = 9F958FC71B83401100F61EBB /* NFAlarm.m */; };
/* End PBXBuildFile section */

/* Begin PBXContainerItemProxy section */
		9F958FB31B82472300F61EBB /* PBXContainerItemProxy */ = {
			isa = PBXContainerItemProxy;
			containerPortal = 9F958F911B82472300F61EBB /* Project object */;
			proxyType = 1;
			remoteGlobalIDString = 9F958F981B82472300F61EBB;
			remoteInfo = NFAlarmLib;
		};
/* End PBXContainerItemProxy section */

/* Begin PBXFileReference section */
		9F1CFCB31B86031100551234 /* NFAlarmEditViewController.h */ = {isa = PBXFileReference; fileEncoding = 4; lastKnownFileType = sourcecode.c.h; name = NFAlarmEditViewController.h; path = NFAlarmLibrary/NFAlarmEditViewController.h; sourceTree = "<group>"; };
		9F1CFCB41B86031100551234 /* NFAlarmEditViewController.m */ = {isa = PBXFileReference; fileEncoding = 4; lastKnownFileType = sourcecode.c.objc; name = NFAlarmEditViewController.m; path = NFAlarmLibrary/NFAlarmEditViewController.m; sourceTree = "<group>"; };
		9F1CFCBC1B864FBA00551234 /* NFWeekDaySelectViewController.h */ = {isa = PBXFileReference; fileEncoding = 4; lastKnownFileType = sourcecode.c.h; name = NFWeekDaySelectViewController.h; path = NFAlarmLibrary/NFWeekDaySelectViewController.h; sourceTree = "<group>"; };
		9F1CFCBD1B864FBA00551234 /* NFWeekDaySelectViewController.m */ = {isa = PBXFileReference; fileEncoding = 4; lastKnownFileType = sourcecode.c.objc; name = NFWeekDaySelectViewController.m; path = NFAlarmLibrary/NFWeekDaySelectViewController.m; sourceTree = "<group>"; };
		9F4C771A1B83A40C005AA264 /* NFAlarmCell.h */ = {isa = PBXFileReference; fileEncoding = 4; lastKnownFileType = sourcecode.c.h; name = NFAlarmCell.h; path = NFAlarmLibrary/NFAlarmCell.h; sourceTree = "<group>"; };
		9F4C771B1B83A40C005AA264 /* NFAlarmCell.m */ = {isa = PBXFileReference; fileEncoding = 4; lastKnownFileType = sourcecode.c.objc; name = NFAlarmCell.m; path = NFAlarmLibrary/NFAlarmCell.m; sourceTree = "<group>"; };
		9F958F991B82472300F61EBB /* NFAlarmLib.app */ = {isa = PBXFileReference; explicitFileType = wrapper.application; includeInIndex = 0; path = NFAlarmLib.app; sourceTree = BUILT_PRODUCTS_DIR; };
		9F958F9D1B82472300F61EBB /* Info.plist */ = {isa = PBXFileReference; lastKnownFileType = text.plist.xml; path = Info.plist; sourceTree = "<group>"; };
		9F958F9E1B82472300F61EBB /* main.m */ = {isa = PBXFileReference; lastKnownFileType = sourcecode.c.objc; path = main.m; sourceTree = "<group>"; };
		9F958FA01B82472300F61EBB /* AppDelegate.h */ = {isa = PBXFileReference; lastKnownFileType = sourcecode.c.h; path = AppDelegate.h; sourceTree = "<group>"; };
		9F958FA11B82472300F61EBB /* AppDelegate.m */ = {isa = PBXFileReference; lastKnownFileType = sourcecode.c.objc; path = AppDelegate.m; sourceTree = "<group>"; };
		9F958FA91B82472300F61EBB /* Images.xcassets */ = {isa = PBXFileReference; lastKnownFileType = folder.assetcatalog; path = Images.xcassets; sourceTree = "<group>"; };
		9F958FB21B82472300F61EBB /* NFAlarmLibTests.xctest */ = {isa = PBXFileReference; explicitFileType = wrapper.cfbundle; includeInIndex = 0; path = NFAlarmLibTests.xctest; sourceTree = BUILT_PRODUCTS_DIR; };
		9F958FB71B82472300F61EBB /* Info.plist */ = {isa = PBXFileReference; lastKnownFileType = text.plist.xml; path = Info.plist; sourceTree = "<group>"; };
		9F958FB81B82472300F61EBB /* NFAlarmLibTests.m */ = {isa = PBXFileReference; lastKnownFileType = sourcecode.c.objc; path = NFAlarmLibTests.m; sourceTree = "<group>"; };
		9F958FC31B82477900F61EBB /* NFAlarmViewController.h */ = {isa = PBXFileReference; fileEncoding = 4; lastKnownFileType = sourcecode.c.h; name = NFAlarmViewController.h; path = NFAlarmLibrary/NFAlarmViewController.h; sourceTree = "<group>"; };
		9F958FC41B82477900F61EBB /* NFAlarmViewController.m */ = {isa = PBXFileReference; fileEncoding = 4; lastKnownFileType = sourcecode.c.objc; name = NFAlarmViewController.m; path = NFAlarmLibrary/NFAlarmViewController.m; sourceTree = "<group>"; };
		9F958FC61B83401100F61EBB /* NFAlarm.h */ = {isa = PBXFileReference; fileEncoding = 4; lastKnownFileType = sourcecode.c.h; name = NFAlarm.h; path = NFAlarmLibrary/NFAlarm.h; sourceTree = "<group>"; };
		9F958FC71B83401100F61EBB /* NFAlarm.m */ = {isa = PBXFileReference; fileEncoding = 4; lastKnownFileType = sourcecode.c.objc; name = NFAlarm.m; path = NFAlarmLibrary/NFAlarm.m; sourceTree = "<group>"; };
/* End PBXFileReference section */

/* Begin PBXFrameworksBuildPhase section */
		9F958F961B82472300F61EBB /* Frameworks */ = {
			isa = PBXFrameworksBuildPhase;
			buildActionMask = 2147483647;
			files = (
			);
			runOnlyForDeploymentPostprocessing = 0;
		};
		9F958FAF1B82472300F61EBB /* Frameworks */ = {
			isa = PBXFrameworksBuildPhase;
			buildActionMask = 2147483647;
			files = (
			);
			runOnlyForDeploymentPostprocessing = 0;
		};
/* End PBXFrameworksBuildPhase section */

/* Begin PBXGroup section */
		9F958F901B82472300F61EBB = {
			isa = PBXGroup;
			children = (
				9F958F9B1B82472300F61EBB /* NFAlarmLib */,
				9F958FB51B82472300F61EBB /* NFAlarmLibTests */,
				9F958F9A1B82472300F61EBB /* Products */,
			);
			sourceTree = "<group>";
		};
		9F958F9A1B82472300F61EBB /* Products */ = {
			isa = PBXGroup;
			children = (
				9F958F991B82472300F61EBB /* NFAlarmLib.app */,
				9F958FB21B82472300F61EBB /* NFAlarmLibTests.xctest */,
			);
			name = Products;
			sourceTree = "<group>";
		};
		9F958F9B1B82472300F61EBB /* NFAlarmLib */ = {
			isa = PBXGroup;
			children = (
				9F958FC21B82473200F61EBB /* NFAlarmLibrary */,
				9F958FA01B82472300F61EBB /* AppDelegate.h */,
				9F958FA11B82472300F61EBB /* AppDelegate.m */,
				9F958FA91B82472300F61EBB /* Images.xcassets */,
				9F958F9C1B82472300F61EBB /* Supporting Files */,
			);
			path = NFAlarmLib;
			sourceTree = "<group>";
		};
		9F958F9C1B82472300F61EBB /* Supporting Files */ = {
			isa = PBXGroup;
			children = (
				9F958F9D1B82472300F61EBB /* Info.plist */,
				9F958F9E1B82472300F61EBB /* main.m */,
			);
			name = "Supporting Files";
			sourceTree = "<group>";
		};
		9F958FB51B82472300F61EBB /* NFAlarmLibTests */ = {
			isa = PBXGroup;
			children = (
				9F958FB81B82472300F61EBB /* NFAlarmLibTests.m */,
				9F958FB61B82472300F61EBB /* Supporting Files */,
			);
			path = NFAlarmLibTests;
			sourceTree = "<group>";
		};
		9F958FB61B82472300F61EBB /* Supporting Files */ = {
			isa = PBXGroup;
			children = (
				9F958FB71B82472300F61EBB /* Info.plist */,
			);
			name = "Supporting Files";
			sourceTree = "<group>";
		};
		9F958FC21B82473200F61EBB /* NFAlarmLibrary */ = {
			isa = PBXGroup;
			children = (
				9F958FC31B82477900F61EBB /* NFAlarmViewController.h */,
				9F958FC41B82477900F61EBB /* NFAlarmViewController.m */,
				9F958FC61B83401100F61EBB /* NFAlarm.h */,
				9F958FC71B83401100F61EBB /* NFAlarm.m */,
				9F4C771A1B83A40C005AA264 /* NFAlarmCell.h */,
				9F4C771B1B83A40C005AA264 /* NFAlarmCell.m */,
				9F1CFCB31B86031100551234 /* NFAlarmEditViewController.h */,
				9F1CFCB41B86031100551234 /* NFAlarmEditViewController.m */,
				9F1CFCBC1B864FBA00551234 /* NFWeekDaySelectViewController.h */,
				9F1CFCBD1B864FBA00551234 /* NFWeekDaySelectViewController.m */,
			);
			name = NFAlarmLibrary;
			sourceTree = "<group>";
		};
/* End PBXGroup section */

/* Begin PBXNativeTarget section */
		9F958F981B82472300F61EBB /* NFAlarmLib */ = {
			isa = PBXNativeTarget;
			buildConfigurationList = 9F958FBC1B82472300F61EBB /* Build configuration list for PBXNativeTarget "NFAlarmLib" */;
			buildPhases = (
				9F958F951B82472300F61EBB /* Sources */,
				9F958F961B82472300F61EBB /* Frameworks */,
				9F958F971B82472300F61EBB /* Resources */,
			);
			buildRules = (
			);
			dependencies = (
			);
			name = NFAlarmLib;
			productName = NFAlarmLib;
			productReference = 9F958F991B82472300F61EBB /* NFAlarmLib.app */;
			productType = "com.apple.product-type.application";
		};
		9F958FB11B82472300F61EBB /* NFAlarmLibTests */ = {
			isa = PBXNativeTarget;
			buildConfigurationList = 9F958FBF1B82472300F61EBB /* Build configuration list for PBXNativeTarget "NFAlarmLibTests" */;
			buildPhases = (
				9F958FAE1B82472300F61EBB /* Sources */,
				9F958FAF1B82472300F61EBB /* Frameworks */,
				9F958FB01B82472300F61EBB /* Resources */,
			);
			buildRules = (
			);
			dependencies = (
				9F958FB41B82472300F61EBB /* PBXTargetDependency */,
			);
			name = NFAlarmLibTests;
			productName = NFAlarmLibTests;
			productReference = 9F958FB21B82472300F61EBB /* NFAlarmLibTests.xctest */;
			productType = "com.apple.product-type.bundle.unit-test";
		};
/* End PBXNativeTarget section */

/* Begin PBXProject section */
		9F958F911B82472300F61EBB /* Project object */ = {
			isa = PBXProject;
			attributes = {
				LastUpgradeCheck = 0640;
				ORGANIZATIONNAME = Netfilter;
				TargetAttributes = {
					9F958F981B82472300F61EBB = {
						CreatedOnToolsVersion = 6.4;
						DevelopmentTeam = PWFMZR3KY6;
					};
					9F958FB11B82472300F61EBB = {
						CreatedOnToolsVersion = 6.4;
						TestTargetID = 9F958F981B82472300F61EBB;
					};
				};
			};
			buildConfigurationList = 9F958F941B82472300F61EBB /* Build configuration list for PBXProject "NFAlarmLib" */;
			compatibilityVersion = "Xcode 3.2";
			developmentRegion = English;
			hasScannedForEncodings = 0;
			knownRegions = (
				en,
				Base,
			);
			mainGroup = 9F958F901B82472300F61EBB;
			productRefGroup = 9F958F9A1B82472300F61EBB /* Products */;
			projectDirPath = "";
			projectRoot = "";
			targets = (
				9F958F981B82472300F61EBB /* NFAlarmLib */,
				9F958FB11B82472300F61EBB /* NFAlarmLibTests */,
			);
		};
/* End PBXProject section */

/* Begin PBXResourcesBuildPhase section */
		9F958F971B82472300F61EBB /* Resources */ = {
			isa = PBXResourcesBuildPhase;
			buildActionMask = 2147483647;
			files = (
				9F958FAA1B82472300F61EBB /* Images.xcassets in Resources */,
			);
			runOnlyForDeploymentPostprocessing = 0;
		};
		9F958FB01B82472300F61EBB /* Resources */ = {
			isa = PBXResourcesBuildPhase;
			buildActionMask = 2147483647;
			files = (
			);
			runOnlyForDeploymentPostprocessing = 0;
		};
/* End PBXResourcesBuildPhase section */

/* Begin PBXSourcesBuildPhase section */
		9F958F951B82472300F61EBB /* Sources */ = {
			isa = PBXSourcesBuildPhase;
			buildActionMask = 2147483647;
			files = (
				9F958FC51B82477900F61EBB /* NFAlarmViewController.m in Sources */,
				9F1CFCBE1B864FBA00551234 /* NFWeekDaySelectViewController.m in Sources */,
				9F958FA21B82472300F61EBB /* AppDelegate.m in Sources */,
				9F958F9F1B82472300F61EBB /* main.m in Sources */,
				9F958FC81B83401100F61EBB /* NFAlarm.m in Sources */,
				9F1CFCB51B86031100551234 /* NFAlarmEditViewController.m in Sources */,
				9F4C771C1B83A40C005AA264 /* NFAlarmCell.m in Sources */,
			);
			runOnlyForDeploymentPostprocessing = 0;
		};
		9F958FAE1B82472300F61EBB /* Sources */ = {
			isa = PBXSourcesBuildPhase;
			buildActionMask = 2147483647;
			files = (
				9F958FB91B82472300F61EBB /* NFAlarmLibTests.m in Sources */,
				9F958FC91B83401100F61EBB /* NFAlarm.m in Sources */,
			);
			runOnlyForDeploymentPostprocessing = 0;
		};
/* End PBXSourcesBuildPhase section */

/* Begin PBXTargetDependency section */
		9F958FB41B82472300F61EBB /* PBXTargetDependency */ = {
			isa = PBXTargetDependency;
			target = 9F958F981B82472300F61EBB /* NFAlarmLib */;
			targetProxy = 9F958FB31B82472300F61EBB /* PBXContainerItemProxy */;
		};
/* End PBXTargetDependency section */

/* Begin XCBuildConfiguration section */
		9F958FBA1B82472300F61EBB /* Debug */ = {
			isa = XCBuildConfiguration;
			buildSettings = {
				ALWAYS_SEARCH_USER_PATHS = NO;
				CLANG_CXX_LANGUAGE_STANDARD = "gnu++0x";
				CLANG_CXX_LIBRARY = "libc++";
				CLANG_ENABLE_MODULES = YES;
				CLANG_ENABLE_OBJC_ARC = YES;
				CLANG_WARN_BOOL_CONVERSION = YES;
				CLANG_WARN_CONSTANT_CONVERSION = YES;
				CLANG_WARN_DIRECT_OBJC_ISA_USAGE = YES_ERROR;
				CLANG_WARN_EMPTY_BODY = YES;
				CLANG_WARN_ENUM_CONVERSION = YES;
				CLANG_WARN_INT_CONVERSION = YES;
				CLANG_WARN_OBJC_ROOT_CLASS = YES_ERROR;
				CLANG_WARN_UNREACHABLE_CODE = YES;
				CLANG_WARN__DUPLICATE_METHOD_MATCH = YES;
				"CODE_SIGN_IDENTITY[sdk=iphoneos*]" = "iPhone Developer";
				COPY_PHASE_STRIP = NO;
				DEBUG_INFORMATION_FORMAT = "dwarf-with-dsym";
				ENABLE_STRICT_OBJC_MSGSEND = YES;
				GCC_C_LANGUAGE_STANDARD = gnu99;
				GCC_DYNAMIC_NO_PIC = NO;
				GCC_NO_COMMON_BLOCKS = YES;
				GCC_OPTIMIZATION_LEVEL = 0;
				GCC_PREPROCESSOR_DEFINITIONS = (
					"DEBUG=1",
					"$(inherited)",
				);
				GCC_SYMBOLS_PRIVATE_EXTERN = NO;
				GCC_WARN_64_TO_32_BIT_CONVERSION = YES;
				GCC_WARN_ABOUT_RETURN_TYPE = YES_ERROR;
				GCC_WARN_UNDECLARED_SELECTOR = YES;
				GCC_WARN_UNINITIALIZED_AUTOS = YES_AGGRESSIVE;
				GCC_WARN_UNUSED_FUNCTION = YES;
				GCC_WARN_UNUSED_VARIABLE = YES;
				IPHONEOS_DEPLOYMENT_TARGET = 8.4;
				MTL_ENABLE_DEBUG_INFO = YES;
				ONLY_ACTIVE_ARCH = YES;
				SDKROOT = iphoneos;
				TARGETED_DEVICE_FAMILY = "1,2";
			};
			name = Debug;
		};
		9F958FBB1B82472300F61EBB /* Release */ = {
			isa = XCBuildConfiguration;
			buildSettings = {
				ALWAYS_SEARCH_USER_PATHS = NO;
				CLANG_CXX_LANGUAGE_STANDARD = "gnu++0x";
				CLANG_CXX_LIBRARY = "libc++";
				CLANG_ENABLE_MODULES = YES;
				CLANG_ENABLE_OBJC_ARC = YES;
				CLANG_WARN_BOOL_CONVERSION = YES;
				CLANG_WARN_CONSTANT_CONVERSION = YES;
				CLANG_WARN_DIRECT_OBJC_ISA_USAGE = YES_ERROR;
				CLANG_WARN_EMPTY_BODY = YES;
				CLANG_WARN_ENUM_CONVERSION = YES;
				CLANG_WARN_INT_CONVERSION = YES;
				CLANG_WARN_OBJC_ROOT_CLASS = YES_ERROR;
				CLANG_WARN_UNREACHABLE_CODE = YES;
				CLANG_WARN__DUPLICATE_METHOD_MATCH = YES;
				"CODE_SIGN_IDENTITY[sdk=iphoneos*]" = "iPhone Developer";
				COPY_PHASE_STRIP = NO;
				DEBUG_INFORMATION_FORMAT = "dwarf-with-dsym";
				ENABLE_NS_ASSERTIONS = NO;
				ENABLE_STRICT_OBJC_MSGSEND = YES;
				GCC_C_LANGUAGE_STANDARD = gnu99;
				GCC_NO_COMMON_BLOCKS = YES;
				GCC_WARN_64_TO_32_BIT_CONVERSION = YES;
				GCC_WARN_ABOUT_RETURN_TYPE = YES_ERROR;
				GCC_WARN_UNDECLARED_SELECTOR = YES;
				GCC_WARN_UNINITIALIZED_AUTOS = YES_AGGRESSIVE;
				GCC_WARN_UNUSED_FUNCTION = YES;
				GCC_WARN_UNUSED_VARIABLE = YES;
				IPHONEOS_DEPLOYMENT_TARGET = 8.4;
				MTL_ENABLE_DEBUG_INFO = NO;
				SDKROOT = iphoneos;
				TARGETED_DEVICE_FAMILY = "1,2";
				VALIDATE_PRODUCT = YES;
			};
			name = Release;
		};
		9F958FBD1B82472300F61EBB /* Debug */ = {
			isa = XCBuildConfiguration;
			buildSettings = {
				ASSETCATALOG_COMPILER_APPICON_NAME = AppIcon;
				ASSETCATALOG_COMPILER_LAUNCHIMAGE_NAME = LaunchImage;
				CODE_SIGN_IDENTITY = "iPhone Developer";
				INFOPLIST_FILE = NFAlarmLib/Info.plist;
				LD_RUNPATH_SEARCH_PATHS = "$(inherited) @executable_path/Frameworks";
				PRODUCT_NAME = "$(TARGET_NAME)";
			};
			name = Debug;
		};
		9F958FBE1B82472300F61EBB /* Release */ = {
			isa = XCBuildConfiguration;
			buildSettings = {
				ASSETCATALOG_COMPILER_APPICON_NAME = AppIcon;
				ASSETCATALOG_COMPILER_LAUNCHIMAGE_NAME = LaunchImage;
				CODE_SIGN_IDENTITY = "iPhone Developer";
				INFOPLIST_FILE = NFAlarmLib/Info.plist;
				LD_RUNPATH_SEARCH_PATHS = "$(inherited) @executable_path/Frameworks";
				PRODUCT_NAME = "$(TARGET_NAME)";
			};
			name = Release;
		};
		9F958FC01B82472300F61EBB /* Debug */ = {
			isa = XCBuildConfiguration;
			buildSettings = {
				BUNDLE_LOADER = "$(TEST_HOST)";
				FRAMEWORK_SEARCH_PATHS = (
					"$(SDKROOT)/Developer/Library/Frameworks",
					"$(inherited)",
				);
				GCC_PREPROCESSOR_DEFINITIONS = (
					"DEBUG=1",
					"$(inherited)",
				);
				INFOPLIST_FILE = NFAlarmLibTests/Info.plist;
				LD_RUNPATH_SEARCH_PATHS = "$(inherited) @executable_path/Frameworks @loader_path/Frameworks";
				PRODUCT_NAME = "$(TARGET_NAME)";
				TEST_HOST = "$(BUILT_PRODUCTS_DIR)/NFAlarmLib.app/NFAlarmLib";
			};
			name = Debug;
		};
		9F958FC11B82472300F61EBB /* Release */ = {
			isa = XCBuildConfiguration;
			buildSettings = {
				BUNDLE_LOADER = "$(TEST_HOST)";
				FRAMEWORK_SEARCH_PATHS = (
					"$(SDKROOT)/Developer/Library/Frameworks",
					"$(inherited)",
				);
				INFOPLIST_FILE = NFAlarmLibTests/Info.plist;
				LD_RUNPATH_SEARCH_PATHS = "$(inherited) @executable_path/Frameworks @loader_path/Frameworks";
				PRODUCT_NAME = "$(TARGET_NAME)";
				TEST_HOST = "$(BUILT_PRODUCTS_DIR)/NFAlarmLib.app/NFAlarmLib";
			};
			name = Release;
		};
/* End XCBuildConfiguration section */

/* Begin XCConfigurationList section */
		9F958F941B82472300F61EBB /* Build configuration list for PBXProject "NFAlarmLib" */ = {
			isa = XCConfigurationList;
			buildConfigurations = (
				9F958FBA1B82472300F61EBB /* Debug */,
				9F958FBB1B82472300F61EBB /* Release */,
			);
			defaultConfigurationIsVisible = 0;
			defaultConfigurationName = Release;
		};
		9F958FBC1B82472300F61EBB /* Build configuration list for PBXNativeTarget "NFAlarmLib" */ = {
			isa = XCConfigurationList;
			buildConfigurations = (
				9F958FBD1B82472300F61EBB /* Debug */,
				9F958FBE1B82472300F61EBB /* Release */,
			);
			defaultConfigurationIsVisible = 0;
			defaultConfigurationName = Release;
		};
		9F958FBF1B82472300F61EBB /* Build configuration list for PBXNativeTarget "NFAlarmLibTests" */ = {
			isa = XCConfigurationList;
			buildConfigurations = (
				9F958FC01B82472300F61EBB /* Debug */,
				9F958FC11B82472300F61EBB /* Release */,
			);
			defaultConfigurationIsVisible = 0;
			defaultConfigurationName = Release;
		};
/* End XCConfigurationList section */
	};
	rootObject = 9F958F911B82472300F61EBB /* Project object */;
}
